
Microsoft Visual Studio Solution File, Format Version 12.00
# Visual Studio Version 16
VisualStudioVersion = 16.0.31402.337
MinimumVisualStudioVersion = 10.0.40219.1
Project("{888888A0-9F3D-457C-B088-3A5042F75D52}") = "BECS_Project1", "BECS_Project1\BECS_Project1.pyproj", "{68CF53AB-779C-43E7-A07D-1ED1B05D82B5}"
EndProject
Global
	GlobalSection(SolutionConfigurationPlatforms) = preSolution
		Debug|Any CPU = Debug|Any CPU
		Release|Any CPU = Release|Any CPU
	EndGlobalSection
	GlobalSection(ProjectConfigurationPlatforms) = postSolution
		{68CF53AB-779C-43E7-A07D-1ED1B05D82B5}.Debug|Any CPU.ActiveCfg = Debug|Any CPU
		{68CF53AB-779C-43E7-A07D-1ED1B05D82B5}.Release|Any CPU.ActiveCfg = Release|Any CPU
	EndGlobalSection
	GlobalSection(SolutionProperties) = preSolution
		HideSolutionNode = FALSE
	EndGlobalSection
	GlobalSection(ExtensibilityGlobals) = postSolution
		SolutionGuid = {DADC3548-E984-4EA2-BE42-05B72F0D4957}
	EndGlobalSection
EndGlobal
